Microsoft Visual Studio Solution File, Format Version 12.00
# Visual Studio 15
VisualStudioVersion = 15.0.28307.645
MinimumVisualStudioVersion = 10.0.40219.1
Project("{9A19103F-16F7-4668-BE54-9A1E7A4F7556}") = "AMF", "AMF\AMF.csproj", "{ED79594F-1A89-4017-900D-6D0E687D68E0}"
EndProject
Project("{FAE04EC0-301F-11D3-BF4B-00C04F79EFBC}") = "AMF.Data", "AMF.Data\AMF.Data.csproj", "{AF669E21-F32E-48DF-8252-2A912680A184}"
EndProject
Project("{FAE04EC0-301F-11D3-BF4B-00C04F79EFBC}") = "AMF.Entities", "AMF.Entities\AMF.Entities.csproj", "{0EA0FEDC-AD88-4781-942D-9C4F699FA0F3}"
EndProject
Project("{FAE04EC0-301F-11D3-BF4B-00C04F79EFBC}") = "AMF.Infrastructure", "AMF.Infrastructure\AMF.Infrastructure.csproj", "{1DAB30A2-A7D5-4055-857F-9B415B897929}"
EndProject
Global
	GlobalSection(SolutionConfigurationPlatforms) = preSolution
		Debug|Any CPU = Debug|Any CPU
		Release|Any CPU = Release|Any CPU
	EndGlobalSection
	GlobalSection(ProjectConfigurationPlatforms) = postSolution
		{ED79594F-1A89-4017-900D-6D0E687D68E0}.Debug|Any CPU.ActiveCfg = Debug|Any CPU
		{ED79594F-1A89-4017-900D-6D0E687D68E0}.Debug|Any CPU.Build.0 = Debug|Any CPU
		{ED79594F-1A89-4017-900D-6D0E687D68E0}.Release|Any CPU.ActiveCfg = Release|Any CPU
		{ED79594F-1A89-4017-900D-6D0E687D68E0}.Release|Any CPU.Build.0 = Release|Any CPU
		{AF669E21-F32E-48DF-8252-2A912680A184}.Debug|Any CPU.ActiveCfg = Debug|Any CPU
		{AF669E21-F32E-48DF-8252-2A912680A184}.Debug|Any CPU.Build.0 = Debug|Any CPU
		{AF669E21-F32E-48DF-8252-2A912680A184}.Release|Any CPU.ActiveCfg = Release|Any CPU
		{AF669E21-F32E-48DF-8252-2A912680A184}.Release|Any CPU.Build.0 = Release|Any CPU
		{0EA0FEDC-AD88-4781-942D-9C4F699FA0F3}.Debug|Any CPU.ActiveCfg = Debug|Any CPU
		{0EA0FEDC-AD88-4781-942D-9C4F699FA0F3}.Debug|Any CPU.Build.0 = Debug|Any CPU
		{0EA0FEDC-AD88-4781-942D-9C4F699FA0F3}.Release|Any CPU.ActiveCfg = Release|Any CPU
		{0EA0FEDC-AD88-4781-942D-9C4F699FA0F3}.Release|Any CPU.Build.0 = Release|Any CPU
		{1DAB30A2-A7D5-4055-857F-9B415B897929}.Debug|Any CPU.ActiveCfg = Debug|Any CPU
		{1DAB30A2-A7D5-4055-857F-9B415B897929}.Debug|Any CPU.Build.0 = Debug|Any CPU
		{1DAB30A2-A7D5-4055-857F-9B415B897929}.Release|Any CPU.ActiveCfg = Release|Any CPU
		{1DAB30A2-A7D5-4055-857F-9B415B897929}.Release|Any CPU.Build.0 = Release|Any CPU
	EndGlobalSection
	GlobalSection(SolutionProperties) = preSolution
		HideSolutionNode = FALSE
	EndGlobalSection
	GlobalSection(ExtensibilityGlobals) = postSolution
		SolutionGuid = {80452327-580A-4A81-8E54-229C2CE2CC01}
	EndGlobalSection
EndGlobal
